
Microsoft Visual Studio Solution File, Format Version 12.00
# Visual Studio Version 16
VisualStudioVersion = 16.0.30011.22
MinimumVisualStudioVersion = 10.0.40219.1
Project("{FAE04EC0-301F-11D3-BF4B-00C04F79EFBC}") = "atikToplamaOyunu", "atikToplamaOyunu\atikToplamaOyunu.csproj", "{F2AC82EB-1D06-430A-8E8B-1FCDFEAF37B3}"
EndProject
Global
	GlobalSection(SolutionConfigurationPlatforms) = preSolution
		Debug|Any CPU = Debug|Any CPU
		Release|Any CPU = Release|Any CPU
	EndGlobalSection
	GlobalSection(ProjectConfigurationPlatforms) = postSolution
		{F2AC82EB-1D06-430A-8E8B-1FCDFEAF37B3}.Debug|Any CPU.ActiveCfg = Debug|Any CPU
		{F2AC82EB-1D06-430A-8E8B-1FCDFEAF37B3}.Debug|Any CPU.Build.0 = Debug|Any CPU
		{F2AC82EB-1D06-430A-8E8B-1FCDFEAF37B3}.Release|Any CPU.ActiveCfg = Release|Any CPU
		{F2AC82EB-1D06-430A-8E8B-1FCDFEAF37B3}.Release|Any CPU.Build.0 = Release|Any CPU
	EndGlobalSection
	GlobalSection(SolutionProperties) = preSolution
		HideSolutionNode = FALSE
	EndGlobalSection
	GlobalSection(ExtensibilityGlobals) = postSolution
		SolutionGuid = {68E1A29D-D132-4D24-9AAF-63C5D907B06B}
	EndGlobalSection
EndGlobal
